
Microsoft Visual Studio Solution File, Format Version 12.00
# Visual Studio Version 16
VisualStudioVersion = 16.0.31702.278
MinimumVisualStudioVersion = 10.0.40219.1
Project("{FAE04EC0-301F-11D3-BF4B-00C04F79EFBC}") = "AnalizadorLexico", "AnalizadorLexico\AnalizadorLexico.csproj", "{BF0460C2-B63F-42BF-AA89-EA4C0F3E158E}"
EndProject
Global
	GlobalSection(SolutionConfigurationPlatforms) = preSolution
		Debug|Any CPU = Debug|Any CPU
		Release|Any CPU = Release|Any CPU
	EndGlobalSection
	GlobalSection(ProjectConfigurationPlatforms) = postSolution
		{BF0460C2-B63F-42BF-AA89-EA4C0F3E158E}.Debug|Any CPU.ActiveCfg = Debug|Any CPU
		{BF0460C2-B63F-42BF-AA89-EA4C0F3E158E}.Debug|Any CPU.Build.0 = Debug|Any CPU
		{BF0460C2-B63F-42BF-AA89-EA4C0F3E158E}.Release|Any CPU.ActiveCfg = Release|Any CPU
		{BF0460C2-B63F-42BF-AA89-EA4C0F3E158E}.Release|Any CPU.Build.0 = Release|Any CPU
	EndGlobalSection
	GlobalSection(SolutionProperties) = preSolution
		HideSolutionNode = FALSE
	EndGlobalSection
	GlobalSection(ExtensibilityGlobals) = postSolution
		SolutionGuid = {32CCDA8C-E7ED-4747-B01D-1E309D6BA209}
	EndGlobalSection
EndGlobal
